
Microsoft Visual Studio Solution File, Format Version 12.00
# Visual Studio 2015
Project("{FAE04EC0-301F-11D3-BF4B-00C04F79EFBC}") = "Day08_Breakout", "Day08_Breakout.csproj", "{F6D5B2A4-9A4B-23A5-3111-7D6C6D085FFD}"
EndProject
Global
	GlobalSection(SolutionConfigurationPlatforms) = preSolution
		Debug|Any CPU = Debug|Any CPU
		Release|Any CPU = Release|Any CPU
	EndGlobalSection
	GlobalSection(ProjectConfigurationPlatforms) = postSolution
		{F6D5B2A4-9A4B-23A5-3111-7D6C6D085FFD}.Debug|Any CPU.ActiveCfg = Debug|Any CPU
		{F6D5B2A4-9A4B-23A5-3111-7D6C6D085FFD}.Debug|Any CPU.Build.0 = Debug|Any CPU
		{F6D5B2A4-9A4B-23A5-3111-7D6C6D085FFD}.Release|Any CPU.ActiveCfg = Release|Any CPU
		{F6D5B2A4-9A4B-23A5-3111-7D6C6D085FFD}.Release|Any CPU.Build.0 = Release|Any CPU
	EndGlobalSection
	GlobalSection(SolutionProperties) = preSolution
		HideSolutionNode = FALSE
	EndGlobalSection
EndGlobal
